// !$*UTF8*$!
{
	archiveVersion = 1;
	classes = {
	};
	objectVersion = 55;
	objects = {

/* Begin PBXBuildFile section */
		EC28783227FB148A00A83150 /* RegisterViewController.swift in Sources */ = {isa = PBXBuildFile; fileRef = EC28783127FB148A00A83150 /* RegisterViewController.swift */; };
		EC467A692805043E00C4B325 /* WorkAddViewController.swift in Sources */ = {isa = PBXBuildFile; fileRef = EC467A682805043E00C4B325 /* WorkAddViewController.swift */; };
		EC467A6B28075AB000C4B325 /* ListViewController.swift in Sources */ = {isa = PBXBuildFile; fileRef = EC467A6A28075AB000C4B325 /* ListViewController.swift */; };
		EC467A6D28075FEE00C4B325 /* ListTableViewCell.swift in Sources */ = {isa = PBXBuildFile; fileRef = EC467A6C28075FEE00C4B325 /* ListTableViewCell.swift */; };
		ECD5386A27FADAB700696121 /* AppDelegate.swift in Sources */ = {isa = PBXBuildFile; fileRef = ECD5386927FADAB700696121 /* AppDelegate.swift */; };
		ECD5386C27FADAB700696121 /* SceneDelegate.swift in Sources */ = {isa = PBXBuildFile; fileRef = ECD5386B27FADAB700696121 /* SceneDelegate.swift */; };
		ECD5386E27FADAB700696121 /* ViewController.swift in Sources */ = {isa = PBXBuildFile; fileRef = ECD5386D27FADAB700696121 /* ViewController.swift */; };
		ECD5387127FADAB700696121 /* Main.storyboard in Resources */ = {isa = PBXBuildFile; fileRef = ECD5386F27FADAB700696121 /* Main.storyboard */; };
		ECD5387327FADABA00696121 /* Assets.xcassets in Resources */ = {isa = PBXBuildFile; fileRef = ECD5387227FADABA00696121 /* Assets.xcassets */; };
		ECD5387627FADABA00696121 /* LaunchScreen.storyboard in Resources */ = {isa = PBXBuildFile; fileRef = ECD5387427FADABA00696121 /* LaunchScreen.storyboard */; };
		ECD5387E27FAE7C400696121 /* Assets.xcassets in Resources */ = {isa = PBXBuildFile; fileRef = ECD5387D27FAE7C400696121 /* Assets.xcassets */; };
/* End PBXBuildFile section */

/* Begin PBXFileReference section */
		EC28783127FB148A00A83150 /* RegisterViewController.swift */ = {isa = PBXFileReference; lastKnownFileType = sourcecode.swift; path = RegisterViewController.swift; sourceTree = "<group>"; };
		EC467A682805043E00C4B325 /* WorkAddViewController.swift */ = {isa = PBXFileReference; lastKnownFileType = sourcecode.swift; path = WorkAddViewController.swift; sourceTree = "<group>"; };
		EC467A6A28075AB000C4B325 /* ListViewController.swift */ = {isa = PBXFileReference; lastKnownFileType = sourcecode.swift; path = ListViewController.swift; sourceTree = "<group>"; };
		EC467A6C28075FEE00C4B325 /* ListTableViewCell.swift */ = {isa = PBXFileReference; lastKnownFileType = sourcecode.swift; path = ListTableViewCell.swift; sourceTree = "<group>"; };
		ECD5386627FADAB700696121 /* BGTech.app */ = {isa = PBXFileReference; explicitFileType = wrapper.application; includeInIndex = 0; path = BGTech.app; sourceTree = BUILT_PRODUCTS_DIR; };
		ECD5386927FADAB700696121 /* AppDelegate.swift */ = {isa = PBXFileReference; lastKnownFileType = sourcecode.swift; path = AppDelegate.swift; sourceTree = "<group>"; };
		ECD5386B27FADAB700696121 /* SceneDelegate.swift */ = {isa = PBXFileReference; lastKnownFileType = sourcecode.swift; path = SceneDelegate.swift; sourceTree = "<group>"; };
		ECD5386D27FADAB700696121 /* ViewController.swift */ = {isa = PBXFileReference; lastKnownFileType = sourcecode.swift; path = ViewController.swift; sourceTree = "<group>"; };
		ECD5387027FADAB700696121 /* Base */ = {isa = PBXFileReference; lastKnownFileType = file.storyboard; name = Base; path = Base.lproj/Main.storyboard; sourceTree = "<group>"; };
		ECD5387227FADABA00696121 /* Assets.xcassets */ = {isa = PBXFileReference; lastKnownFileType = folder.assetcatalog; path = Assets.xcassets; sourceTree = "<group>"; };
		ECD5387527FADABA00696121 /* Base */ = {isa = PBXFileReference; lastKnownFileType = file.storyboard; name = Base; path = Base.lproj/LaunchScreen.storyboard; sourceTree = "<group>"; };
		ECD5387727FADABA00696121 /* Info.plist */ = {isa = PBXFileReference; lastKnownFileType = text.plist.xml; path = Info.plist; sourceTree = "<group>"; };
		ECD5387D27FAE7C400696121 /* Assets.xcassets */ = {isa = PBXFileReference; lastKnownFileType = folder.assetcatalog; path = Assets.xcassets; sourceTree = "<group>"; };
/* End PBXFileReference section */

/* Begin PBXFrameworksBuildPhase section */
		ECD5386327FADAB700696121 /* Frameworks */ = {
			isa = PBXFrameworksBuildPhase;
			buildActionMask = 2147483647;
			files = (
			);
			runOnlyForDeploymentPostprocessing = 0;
		};
/* End PBXFrameworksBuildPhase section */

/* Begin PBXGroup section */
		ECD5385D27FADAB700696121 = {
			isa = PBXGroup;
			children = (
				ECD5387D27FAE7C400696121 /* Assets.xcassets */,
				ECD5386827FADAB700696121 /* BGTech */,
				ECD5386727FADAB700696121 /* Products */,
			);
			sourceTree = "<group>";
		};
		ECD5386727FADAB700696121 /* Products */ = {
			isa = PBXGroup;
			children = (
				ECD5386627FADAB700696121 /* BGTech.app */,
			);
			name = Products;
			sourceTree = "<group>";
		};
		ECD5386827FADAB700696121 /* BGTech */ = {
			isa = PBXGroup;
			children = (
				EC467A682805043E00C4B325 /* WorkAddViewController.swift */,
				ECD5386927FADAB700696121 /* AppDelegate.swift */,
				ECD5386B27FADAB700696121 /* SceneDelegate.swift */,
				ECD5386D27FADAB700696121 /* ViewController.swift */,
				EC28783127FB148A00A83150 /* RegisterViewController.swift */,
				ECD5386F27FADAB700696121 /* Main.storyboard */,
				EC467A6A28075AB000C4B325 /* ListViewController.swift */,
				EC467A6C28075FEE00C4B325 /* ListTableViewCell.swift */,
				ECD5387227FADABA00696121 /* Assets.xcassets */,
				ECD5387427FADABA00696121 /* LaunchScreen.storyboard */,
				ECD5387727FADABA00696121 /* Info.plist */,
			);
			path = BGTech;
			sourceTree = "<group>";
		};
/* End PBXGroup section */

/* Begin PBXNativeTarget section */
		ECD5386527FADAB700696121 /* BGTech */ = {
			isa = PBXNativeTarget;
			buildConfigurationList = ECD5387A27FADABA00696121 /* Build configuration list for PBXNativeTarget "BGTech" */;
			buildPhases = (
				ECD5386227FADAB700696121 /* Sources */,
				ECD5386327FADAB700696121 /* Frameworks */,
				ECD5386427FADAB700696121 /* Resources */,
			);
			buildRules = (
			);
			dependencies = (
			);
			name = BGTech;
			productName = BGTech;
			productReference = ECD5386627FADAB700696121 /* BGTech.app */;
			productType = "com.apple.product-type.application";
		};
/* End PBXNativeTarget section */

/* Begin PBXProject section */
		ECD5385E27FADAB700696121 /* Project object */ = {
			isa = PBXProject;
			attributes = {
				BuildIndependentTargetsInParallel = 1;
				LastSwiftUpdateCheck = 1330;
				LastUpgradeCheck = 1330;
				TargetAttributes = {
					ECD5386527FADAB700696121 = {
						CreatedOnToolsVersion = 13.3;
					};
				};
			};
			buildConfigurationList = ECD5386127FADAB700696121 /* Build configuration list for PBXProject "BGTech" */;
			compatibilityVersion = "Xcode 13.0";
			developmentRegion = en;
			hasScannedForEncodings = 0;
			knownRegions = (
				en,
				Base,
			);
			mainGroup = ECD5385D27FADAB700696121;
			productRefGroup = ECD5386727FADAB700696121 /* Products */;
			projectDirPath = "";
			projectRoot = "";
			targets = (
				ECD5386527FADAB700696121 /* BGTech */,
			);
		};
/* End PBXProject section */

/* Begin PBXResourcesBuildPhase section */
		ECD5386427FADAB700696121 /* Resources */ = {
			isa = PBXResourcesBuildPhase;
			buildActionMask = 2147483647;
			files = (
				ECD5387627FADABA00696121 /* LaunchScreen.storyboard in Resources */,
				ECD5387327FADABA00696121 /* Assets.xcassets in Resources */,
				ECD5387E27FAE7C400696121 /* Assets.xcassets in Resources */,
				ECD5387127FADAB700696121 /* Main.storyboard in Resources */,
			);
			runOnlyForDeploymentPostprocessing = 0;
		};
/* End PBXResourcesBuildPhase section */

/* Begin PBXSourcesBuildPhase section */
		ECD5386227FADAB700696121 /* Sources */ = {
			isa = PBXSourcesBuildPhase;
			buildActionMask = 2147483647;
			files = (
				EC467A6D28075FEE00C4B325 /* ListTableViewCell.swift in Sources */,
				EC467A692805043E00C4B325 /* WorkAddViewController.swift in Sources */,
				ECD5386E27FADAB700696121 /* ViewController.swift in Sources */,
				EC467A6B28075AB000C4B325 /* ListViewController.swift in Sources */,
				ECD5386A27FADAB700696121 /* AppDelegate.swift in Sources */,
				ECD5386C27FADAB700696121 /* SceneDelegate.swift in Sources */,
				EC28783227FB148A00A83150 /* RegisterViewController.swift in Sources */,
			);
			runOnlyForDeploymentPostprocessing = 0;
		};
/* End PBXSourcesBuildPhase section */

/* Begin PBXVariantGroup section */
		ECD5386F27FADAB700696121 /* Main.storyboard */ = {
			isa = PBXVariantGroup;
			children = (
				ECD5387027FADAB700696121 /* Base */,
			);
			name = Main.storyboard;
			sourceTree = "<group>";
		};
		ECD5387427FADABA00696121 /* LaunchScreen.storyboard */ = {
			isa = PBXVariantGroup;
			children = (
				ECD5387527FADABA00696121 /* Base */,
			);
			name = LaunchScreen.storyboard;
			sourceTree = "<group>";
		};
/* End PBXVariantGroup section */

/* Begin XCBuildConfiguration section */
		ECD5387827FADABA00696121 /* Debug */ = {
			isa = XCBuildConfiguration;
			buildSettings = {
				ALWAYS_SEARCH_USER_PATHS = NO;
				CLANG_ANALYZER_NONNULL = YES;
				CLANG_ANALYZER_NUMBER_OBJECT_CONVERSION = YES_AGGRESSIVE;
				CLANG_CXX_LANGUAGE_STANDARD = "gnu++17";
				CLANG_ENABLE_MODULES = YES;
				CLANG_ENABLE_OBJC_ARC = YES;
				CLANG_ENABLE_OBJC_WEAK = YES;
				CLANG_WARN_BLOCK_CAPTURE_AUTORELEASING = YES;
				CLANG_WARN_BOOL_CONVERSION = YES;
				CLANG_WARN_COMMA = YES;
				CLANG_WARN_CONSTANT_CONVERSION = YES;
				CLANG_WARN_DEPRECATED_OBJC_IMPLEMENTATIONS = YES;
				CLANG_WARN_DIRECT_OBJC_ISA_USAGE = YES_ERROR;
				CLANG_WARN_DOCUMENTATION_COMMENTS = YES;
				CLANG_WARN_EMPTY_BODY = YES;
				CLANG_WARN_ENUM_CONVERSION = YES;
				CLANG_WARN_INFINITE_RECURSION = YES;
				CLANG_WARN_INT_CONVERSION = YES;
				CLANG_WARN_NON_LITERAL_NULL_CONVERSION = YES;
				CLANG_WARN_OBJC_IMPLICIT_RETAIN_SELF = YES;
				CLANG_WARN_OBJC_LITERAL_CONVERSION = YES;
				CLANG_WARN_OBJC_ROOT_CLASS = YES_ERROR;
				CLANG_WARN_QUOTED_INCLUDE_IN_FRAMEWORK_HEADER = YES;
				CLANG_WARN_RANGE_LOOP_ANALYSIS = YES;
				CLANG_WARN_STRICT_PROTOTYPES = YES;
				CLANG_WARN_SUSPICIOUS_MOVE = YES;
				CLANG_WARN_UNGUARDED_AVAILABILITY = YES_AGGRESSIVE;
				CLANG_WARN_UNREACHABLE_CODE = YES;
				CLANG_WARN__DUPLICATE_METHOD_MATCH = YES;
				COPY_PHASE_STRIP = NO;
				DEBUG_INFORMATION_FORMAT = dwarf;
				ENABLE_STRICT_OBJC_MSGSEND = YES;
				ENABLE_TESTABILITY = YES;
				GCC_C_LANGUAGE_STANDARD = gnu11;
				GCC_DYNAMIC_NO_PIC = NO;
				GCC_NO_COMMON_BLOCKS = YES;
				GCC_OPTIMIZATION_LEVEL = 0;
				GCC_PREPROCESSOR_DEFINITIONS = (
					"DEBUG=1",
					"$(inherited)",
				);
				GCC_WARN_64_TO_32_BIT_CONVERSION = YES;
				GCC_WARN_ABOUT_RETURN_TYPE = YES_ERROR;
				GCC_WARN_UNDECLARED_SELECTOR = YES;
				GCC_WARN_UNINITIALIZED_AUTOS = YES_AGGRESSIVE;
				GCC_WARN_UNUSED_FUNCTION = YES;
				GCC_WARN_UNUSED_VARIABLE = YES;
				IPHONEOS_DEPLOYMENT_TARGET = 15.4;
				MTL_ENABLE_DEBUG_INFO = INCLUDE_SOURCE;
				MTL_FAST_MATH = YES;
				ONLY_ACTIVE_ARCH = YES;
				SDKROOT = iphoneos;
				SWIFT_ACTIVE_COMPILATION_CONDITIONS = DEBUG;
				SWIFT_OPTIMIZATION_LEVEL = "-Onone";
			};
			name = Debug;
		};
		ECD5387927FADABA00696121 /* Release */ = {
			isa = XCBuildConfiguration;
			buildSettings = {
				ALWAYS_SEARCH_USER_PATHS = NO;
				CLANG_ANALYZER_NONNULL = YES;
				CLANG_ANALYZER_NUMBER_OBJECT_CONVERSION = YES_AGGRESSIVE;
				CLANG_CXX_LANGUAGE_STANDARD = "gnu++17";
				CLANG_ENABLE_MODULES = YES;
				CLANG_ENABLE_OBJC_ARC = YES;
				CLANG_ENABLE_OBJC_WEAK = YES;
				CLANG_WARN_BLOCK_CAPTURE_AUTORELEASING = YES;
				CLANG_WARN_BOOL_CONVERSION = YES;
				CLANG_WARN_COMMA = YES;
				CLANG_WARN_CONSTANT_CONVERSION = YES;
				CLANG_WARN_DEPRECATED_OBJC_IMPLEMENTATIONS = YES;
				CLANG_WARN_DIRECT_OBJC_ISA_USAGE = YES_ERROR;
				CLANG_WARN_DOCUMENTATION_COMMENTS = YES;
				CLANG_WARN_EMPTY_BODY = YES;
				CLANG_WARN_ENUM_CONVERSION = YES;
				CLANG_WARN_INFINITE_RECURSION = YES;
				CLANG_WARN_INT_CONVERSION = YES;
				CLANG_WARN_NON_LITERAL_NULL_CONVERSION = YES;
				CLANG_WARN_OBJC_IMPLICIT_RETAIN_SELF = YES;
				CLANG_WARN_OBJC_LITERAL_CONVERSION = YES;
				CLANG_WARN_OBJC_ROOT_CLASS = YES_ERROR;
				CLANG_WARN_QUOTED_INCLUDE_IN_FRAMEWORK_HEADER = YES;
				CLANG_WARN_RANGE_LOOP_ANALYSIS = YES;
				CLANG_WARN_STRICT_PROTOTYPES = YES;
				CLANG_WARN_SUSPICIOUS_MOVE = YES;
				CLANG_WARN_UNGUARDED_AVAILABILITY = YES_AGGRESSIVE;
				CLANG_WARN_UNREACHABLE_CODE = YES;
				CLANG_WARN__DUPLICATE_METHOD_MATCH = YES;
				COPY_PHASE_STRIP = NO;
				DEBUG_INFORMATION_FORMAT = "dwarf-with-dsym";
				ENABLE_NS_ASSERTIONS = NO;
				ENABLE_STRICT_OBJC_MSGSEND = YES;
				GCC_C_LANGUAGE_STANDARD = gnu11;
				GCC_NO_COMMON_BLOCKS = YES;
				GCC_WARN_64_TO_32_BIT_CONVERSION = YES;
				GCC_WARN_ABOUT_RETURN_TYPE = YES_ERROR;
				GCC_WARN_UNDECLARED_SELECTOR = YES;
				GCC_WARN_UNINITIALIZED_AUTOS = YES_AGGRESSIVE;
				GCC_WARN_UNUSED_FUNCTION = YES;
				GCC_WARN_UNUSED_VARIABLE = YES;
				IPHONEOS_DEPLOYMENT_TARGET = 15.4;
				MTL_ENABLE_DEBUG_INFO = NO;
				MTL_FAST_MATH = YES;
				SDKROOT = iphoneos;
				SWIFT_COMPILATION_MODE = wholemodule;
				SWIFT_OPTIMIZATION_LEVEL = "-O";
				VALIDATE_PRODUCT = YES;
			};
			name = Release;
		};
		ECD5387B27FADABA00696121 /* Debug */ = {
			isa = XCBuildConfiguration;
			buildSettings = {
				ASSETCATALOG_COMPILER_APPICON_NAME = AppIcon;
				ASSETCATALOG_COMPILER_GLOBAL_ACCENT_COLOR_NAME = AccentColor;
				CODE_SIGN_STYLE = Automatic;
				CURRENT_PROJECT_VERSION = 1;
				DEVELOPMENT_TEAM = 4U9Y8NCGYY;
				GENERATE_INFOPLIST_FILE = YES;
				INFOPLIST_FILE = BGTech/Info.plist;
				INFOPLIST_KEY_UIApplicationSupportsIndirectInputEvents = YES;
				INFOPLIST_KEY_UILaunchStoryboardName = LaunchScreen;
				INFOPLIST_KEY_UIMainStoryboardFile = Main;
				INFOPLIST_KEY_UISupportedInterfaceOrientations = UIInterfaceOrientationPortrait;
				INFOPLIST_KEY_UISupportedInterfaceOrientations_iPad = "UIInterfaceOrientationPortrait UIInterfaceOrientationPortraitUpsideDown UIInterfaceOrientationLandscapeLeft UIInterfaceOrientationLandscapeRight";
				INFOPLIST_KEY_UISupportedInterfaceOrientations_iPhone = "UIInterfaceOrientationPortrait UIInterfaceOrientationLandscapeLeft UIInterfaceOrientationLandscapeRight";
				IPHONEOS_DEPLOYMENT_TARGET = 15.0;
				LD_RUNPATH_SEARCH_PATHS = (
					"$(inherited)",
					"@executable_path/Frameworks",
				);
				MARKETING_VERSION = 1.0;
				PRODUCT_BUNDLE_IDENTIFIER = furkanahi.BGTech;
				PRODUCT_NAME = "$(TARGET_NAME)";
				SWIFT_EMIT_LOC_STRINGS = YES;
				SWIFT_VERSION = 5.0;
				TARGETED_DEVICE_FAMILY = 1;
			};
			name = Debug;
		};
		ECD5387C27FADABA00696121 /* Release */ = {
			isa = XCBuildConfiguration;
			buildSettings = {
				ASSETCATALOG_COMPILER_APPICON_NAME = AppIcon;
				ASSETCATALOG_COMPILER_GLOBAL_ACCENT_COLOR_NAME = AccentColor;
				CODE_SIGN_STYLE = Automatic;
				CURRENT_PROJECT_VERSION = 1;
				DEVELOPMENT_TEAM = 4U9Y8NCGYY;
				GENERATE_INFOPLIST_FILE = YES;
				INFOPLIST_FILE = BGTech/Info.plist;
				INFOPLIST_KEY_UIApplicationSupportsIndirectInputEvents = YES;
				INFOPLIST_KEY_UILaunchStoryboardName = LaunchScreen;
				INFOPLIST_KEY_UIMainStoryboardFile = Main;
				INFOPLIST_KEY_UISupportedInterfaceOrientations = UIInterfaceOrientationPortrait;
				INFOPLIST_KEY_UISupportedInterfaceOrientations_iPad = "UIInterfaceOrientationPortrait UIInterfaceOrientationPortraitUpsideDown UIInterfaceOrientationLandscapeLeft UIInterfaceOrientationLandscapeRight";
				INFOPLIST_KEY_UISupportedInterfaceOrientations_iPhone = "UIInterfaceOrientationPortrait UIInterfaceOrientationLandscapeLeft UIInterfaceOrientationLandscapeRight";
				IPHONEOS_DEPLOYMENT_TARGET = 15.0;
				LD_RUNPATH_SEARCH_PATHS = (
					"$(inherited)",
					"@executable_path/Frameworks",
				);
				MARKETING_VERSION = 1.0;
				PRODUCT_BUNDLE_IDENTIFIER = furkanahi.BGTech;
				PRODUCT_NAME = "$(TARGET_NAME)";
				SWIFT_EMIT_LOC_STRINGS = YES;
				SWIFT_VERSION = 5.0;
				TARGETED_DEVICE_FAMILY = 1;
			};
			name = Release;
		};
/* End XCBuildConfiguration section */

/* Begin XCConfigurationList section */
		ECD5386127FADAB700696121 /* Build configuration list for PBXProject "BGTech" */ = {
			isa = XCConfigurationList;
			buildConfigurations = (
				ECD5387827FADABA00696121 /* Debug */,
				ECD5387927FADABA00696121 /* Release */,
			);
			defaultConfigurationIsVisible = 0;
			defaultConfigurationName = Release;
		};
		ECD5387A27FADABA00696121 /* Build configuration list for PBXNativeTarget "BGTech" */ = {
			isa = XCConfigurationList;
			buildConfigurations = (
				ECD5387B27FADABA00696121 /* Debug */,
				ECD5387C27FADABA00696121 /* Release */,
			);
			defaultConfigurationIsVisible = 0;
			defaultConfigurationName = Release;
		};
/* End XCConfigurationList section */
	};
	rootObject = ECD5385E27FADAB700696121 /* Project object */;
}
